
Microsoft Visual Studio Solution File, Format Version 12.00
# Visual Studio Version 17
VisualStudioVersion = 17.14.36429.23 d17.14
MinimumVisualStudioVersion = 10.0.40219.1
Project("{FAE04EC0-301F-11D3-BF4B-00C04F79EFBC}") = "praktik 5.3", "praktik 5.3\praktik 5.3.csproj", "{339766A1-C3EC-4BE4-BE87-F8AE0B639D8E}"
EndProject
Global
	GlobalSection(SolutionConfigurationPlatforms) = preSolution
		Debug|Any CPU = Debug|Any CPU
		Release|Any CPU = Release|Any CPU
	EndGlobalSection
	GlobalSection(ProjectConfigurationPlatforms) = postSolution
		{339766A1-C3EC-4BE4-BE87-F8AE0B639D8E}.Debug|Any CPU.ActiveCfg = Debug|Any CPU
		{339766A1-C3EC-4BE4-BE87-F8AE0B639D8E}.Debug|Any CPU.Build.0 = Debug|Any CPU
		{339766A1-C3EC-4BE4-BE87-F8AE0B639D8E}.Release|Any CPU.ActiveCfg = Release|Any CPU
		{339766A1-C3EC-4BE4-BE87-F8AE0B639D8E}.Release|Any CPU.Build.0 = Release|Any CPU
	EndGlobalSection
	GlobalSection(SolutionProperties) = preSolution
		HideSolutionNode = FALSE
	EndGlobalSection
	GlobalSection(ExtensibilityGlobals) = postSolution
		SolutionGuid = {DD039A0B-0A9E-499D-8304-2984D68BFA36}
	EndGlobalSection
EndGlobal
