
Microsoft Visual Studio Solution File, Format Version 12.00
# Visual Studio Version 17
VisualStudioVersion = 17.14.36429.23 d17.14
MinimumVisualStudioVersion = 10.0.40219.1
Project("{FAE04EC0-301F-11D3-BF4B-00C04F79EFBC}") = "Praktik3.2", "Praktik3.2\Praktik3.2.csproj", "{95BA8122-C2B0-41BB-B41B-23F92A9FCF73}"
EndProject
Global
	GlobalSection(SolutionConfigurationPlatforms) = preSolution
		Debug|Any CPU = Debug|Any CPU
		Release|Any CPU = Release|Any CPU
	EndGlobalSection
	GlobalSection(ProjectConfigurationPlatforms) = postSolution
		{95BA8122-C2B0-41BB-B41B-23F92A9FCF73}.Debug|Any CPU.ActiveCfg = Debug|Any CPU
		{95BA8122-C2B0-41BB-B41B-23F92A9FCF73}.Debug|Any CPU.Build.0 = Debug|Any CPU
		{95BA8122-C2B0-41BB-B41B-23F92A9FCF73}.Release|Any CPU.ActiveCfg = Release|Any CPU
		{95BA8122-C2B0-41BB-B41B-23F92A9FCF73}.Release|Any CPU.Build.0 = Release|Any CPU
	EndGlobalSection
	GlobalSection(SolutionProperties) = preSolution
		HideSolutionNode = FALSE
	EndGlobalSection
	GlobalSection(ExtensibilityGlobals) = postSolution
		SolutionGuid = {F71B15C4-523F-438F-9FAE-D0441F6D0FF0}
	EndGlobalSection
EndGlobal
