
Microsoft Visual Studio Solution File, Format Version 12.00
# Visual Studio Version 17
VisualStudioVersion = 17.14.36429.23 d17.14
MinimumVisualStudioVersion = 10.0.40219.1
Project("{FAE04EC0-301F-11D3-BF4B-00C04F79EFBC}") = "praktik 5.4", "praktik 5.4\praktik 5.4.csproj", "{B6174B6B-1AEC-4622-96B4-C0C7387199EA}"
EndProject
Global
	GlobalSection(SolutionConfigurationPlatforms) = preSolution
		Debug|Any CPU = Debug|Any CPU
		Release|Any CPU = Release|Any CPU
	EndGlobalSection
	GlobalSection(ProjectConfigurationPlatforms) = postSolution
		{B6174B6B-1AEC-4622-96B4-C0C7387199EA}.Debug|Any CPU.ActiveCfg = Debug|Any CPU
		{B6174B6B-1AEC-4622-96B4-C0C7387199EA}.Debug|Any CPU.Build.0 = Debug|Any CPU
		{B6174B6B-1AEC-4622-96B4-C0C7387199EA}.Release|Any CPU.ActiveCfg = Release|Any CPU
		{B6174B6B-1AEC-4622-96B4-C0C7387199EA}.Release|Any CPU.Build.0 = Release|Any CPU
	EndGlobalSection
	GlobalSection(SolutionProperties) = preSolution
		HideSolutionNode = FALSE
	EndGlobalSection
	GlobalSection(ExtensibilityGlobals) = postSolution
		SolutionGuid = {53F5B02E-FF07-4F82-A486-F3E0A50C1378}
	EndGlobalSection
EndGlobal
